// !$*UTF8*$!
{
	archiveVersion = 1;
	classes = {
	};
	objectVersion = 55;
	objects = {

/* Begin PBXBuildFile section */
		23754A1628CF6D530086B877 /* AppDelegate.swift in Sources */ = {isa = PBXBuildFile; fileRef = 23754A1528CF6D530086B877 /* AppDelegate.swift */; };
		23754A1828CF6D530086B877 /* SceneDelegate.swift in Sources */ = {isa = PBXBuildFile; fileRef = 23754A1728CF6D530086B877 /* SceneDelegate.swift */; };
		23754A1A28CF6D530086B877 /* ViewController.swift in Sources */ = {isa = PBXBuildFile; fileRef = 23754A1928CF6D530086B877 /* ViewController.swift */; };
		23754A1F28CF6D560086B877 /* Assets.xcassets in Resources */ = {isa = PBXBuildFile; fileRef = 23754A1E28CF6D560086B877 /* Assets.xcassets */; };
		237FF53328D0CE4E00A3D94A /* HomeViewController.swift in Sources */ = {isa = PBXBuildFile; fileRef = 237FF53128D0CE4E00A3D94A /* HomeViewController.swift */; };
		237FF53428D0CE4E00A3D94A /* HomeViewController.xib in Resources */ = {isa = PBXBuildFile; fileRef = 237FF53228D0CE4E00A3D94A /* HomeViewController.xib */; };
		237FF53D28D0F46900A3D94A /* CustomNavigationController.swift in Sources */ = {isa = PBXBuildFile; fileRef = 237FF53C28D0F46900A3D94A /* CustomNavigationController.swift */; };
		237FF54128D0F50C00A3D94A /* UIColorExtension.swift in Sources */ = {isa = PBXBuildFile; fileRef = 237FF54028D0F50C00A3D94A /* UIColorExtension.swift */; };
		237FF54328D0F8DC00A3D94A /* CustomTabBarController.swift in Sources */ = {isa = PBXBuildFile; fileRef = 237FF54228D0F8DC00A3D94A /* CustomTabBarController.swift */; };
		238FC33A28DB5CB7004258BD /* Product.swift in Sources */ = {isa = PBXBuildFile; fileRef = 238FC33928DB5CB7004258BD /* Product.swift */; };
		238FC33C28DB64E5004258BD /* Item.swift in Sources */ = {isa = PBXBuildFile; fileRef = 238FC33B28DB64E5004258BD /* Item.swift */; };
		238FC34328DB7C58004258BD /* ProductViewModel.swift in Sources */ = {isa = PBXBuildFile; fileRef = 238FC34228DB7C58004258BD /* ProductViewModel.swift */; };
		238FC34828DB8668004258BD /* ProductViewController.swift in Sources */ = {isa = PBXBuildFile; fileRef = 238FC34628DB8668004258BD /* ProductViewController.swift */; };
		238FC34928DB8668004258BD /* ProductViewController.xib in Resources */ = {isa = PBXBuildFile; fileRef = 238FC34728DB8668004258BD /* ProductViewController.xib */; };
		238FC34D28DB9DFB004258BD /* CustomCellTableViewCell.swift in Sources */ = {isa = PBXBuildFile; fileRef = 238FC34B28DB9DFB004258BD /* CustomCellTableViewCell.swift */; };
		238FC34E28DB9DFB004258BD /* CustomCellTableViewCell.xib in Resources */ = {isa = PBXBuildFile; fileRef = 238FC34C28DB9DFB004258BD /* CustomCellTableViewCell.xib */; };
		23BA5CC528DB587900CD1B76 /* ProductsService.swift in Sources */ = {isa = PBXBuildFile; fileRef = 23BA5CC428DB587900CD1B76 /* ProductsService.swift */; };
		9FEFF1DBF3AB70189C20E579 /* Pods_MercadoLibreBuscador.framework in Frameworks */ = {isa = PBXBuildFile; fileRef = 8F43CC6D29B008F51BD3DBB9 /* Pods_MercadoLibreBuscador.framework */; };
/* End PBXBuildFile section */

/* Begin PBXFileReference section */
		23754A1228CF6D530086B877 /* MercadoLibreBuscador.app */ = {isa = PBXFileReference; explicitFileType = wrapper.application; includeInIndex = 0; path = MercadoLibreBuscador.app; sourceTree = BUILT_PRODUCTS_DIR; };
		23754A1528CF6D530086B877 /* AppDelegate.swift */ = {isa = PBXFileReference; lastKnownFileType = sourcecode.swift; path = AppDelegate.swift; sourceTree = "<group>"; };
		23754A1728CF6D530086B877 /* SceneDelegate.swift */ = {isa = PBXFileReference; lastKnownFileType = sourcecode.swift; path = SceneDelegate.swift; sourceTree = "<group>"; };
		23754A1928CF6D530086B877 /* ViewController.swift */ = {isa = PBXFileReference; lastKnownFileType = sourcecode.swift; path = ViewController.swift; sourceTree = "<group>"; };
		23754A1E28CF6D560086B877 /* Assets.xcassets */ = {isa = PBXFileReference; lastKnownFileType = folder.assetcatalog; path = Assets.xcassets; sourceTree = "<group>"; };
		23754A2328CF6D560086B877 /* Info.plist */ = {isa = PBXFileReference; lastKnownFileType = text.plist.xml; path = Info.plist; sourceTree = "<group>"; };
		237FF53128D0CE4E00A3D94A /* HomeViewController.swift */ = {isa = PBXFileReference; lastKnownFileType = sourcecode.swift; path = HomeViewController.swift; sourceTree = "<group>"; };
		237FF53228D0CE4E00A3D94A /* HomeViewController.xib */ = {isa = PBXFileReference; lastKnownFileType = file.xib; path = HomeViewController.xib; sourceTree = "<group>"; };
		237FF53C28D0F46900A3D94A /* CustomNavigationController.swift */ = {isa = PBXFileReference; lastKnownFileType = sourcecode.swift; path = CustomNavigationController.swift; sourceTree = "<group>"; };
		237FF54028D0F50C00A3D94A /* UIColorExtension.swift */ = {isa = PBXFileReference; lastKnownFileType = sourcecode.swift; path = UIColorExtension.swift; sourceTree = "<group>"; };
		237FF54228D0F8DC00A3D94A /* CustomTabBarController.swift */ = {isa = PBXFileReference; lastKnownFileType = sourcecode.swift; path = CustomTabBarController.swift; sourceTree = "<group>"; };
		238FC33928DB5CB7004258BD /* Product.swift */ = {isa = PBXFileReference; lastKnownFileType = sourcecode.swift; path = Product.swift; sourceTree = "<group>"; };
		238FC33B28DB64E5004258BD /* Item.swift */ = {isa = PBXFileReference; lastKnownFileType = sourcecode.swift; path = Item.swift; sourceTree = "<group>"; };
		238FC34228DB7C58004258BD /* ProductViewModel.swift */ = {isa = PBXFileReference; lastKnownFileType = sourcecode.swift; path = ProductViewModel.swift; sourceTree = "<group>"; };
		238FC34628DB8668004258BD /* ProductViewController.swift */ = {isa = PBXFileReference; lastKnownFileType = sourcecode.swift; path = ProductViewController.swift; sourceTree = "<group>"; };
		238FC34728DB8668004258BD /* ProductViewController.xib */ = {isa = PBXFileReference; lastKnownFileType = file.xib; path = ProductViewController.xib; sourceTree = "<group>"; };
		238FC34B28DB9DFB004258BD /* CustomCellTableViewCell.swift */ = {isa = PBXFileReference; lastKnownFileType = sourcecode.swift; path = CustomCellTableViewCell.swift; sourceTree = "<group>"; };
		238FC34C28DB9DFB004258BD /* CustomCellTableViewCell.xib */ = {isa = PBXFileReference; lastKnownFileType = file.xib; path = CustomCellTableViewCell.xib; sourceTree = "<group>"; };
		23BA5CC428DB587900CD1B76 /* ProductsService.swift */ = {isa = PBXFileReference; lastKnownFileType = sourcecode.swift; path = ProductsService.swift; sourceTree = "<group>"; };
		8F43CC6D29B008F51BD3DBB9 /* Pods_MercadoLibreBuscador.framework */ = {isa = PBXFileReference; explicitFileType = wrapper.framework; includeInIndex = 0; path = Pods_MercadoLibreBuscador.framework; sourceTree = BUILT_PRODUCTS_DIR; };
		A9A939FFE260397791E73A14 /* Pods-MercadoLibreBuscador.release.xcconfig */ = {isa = PBXFileReference; includeInIndex = 1; lastKnownFileType = text.xcconfig; name = "Pods-MercadoLibreBuscador.release.xcconfig"; path = "Target Support Files/Pods-MercadoLibreBuscador/Pods-MercadoLibreBuscador.release.xcconfig"; sourceTree = "<group>"; };
		E1B4326D42EF4A3294B1B692 /* Pods-MercadoLibreBuscador.debug.xcconfig */ = {isa = PBXFileReference; includeInIndex = 1; lastKnownFileType = text.xcconfig; name = "Pods-MercadoLibreBuscador.debug.xcconfig"; path = "Target Support Files/Pods-MercadoLibreBuscador/Pods-MercadoLibreBuscador.debug.xcconfig"; sourceTree = "<group>"; };
/* End PBXFileReference section */

/* Begin PBXFrameworksBuildPhase section */
		23754A0F28CF6D530086B877 /* Frameworks */ = {
			isa = PBXFrameworksBuildPhase;
			buildActionMask = 2147483647;
			files = (
				9FEFF1DBF3AB70189C20E579 /* Pods_MercadoLibreBuscador.framework in Frameworks */,
			);
			runOnlyForDeploymentPostprocessing = 0;
		};
/* End PBXFrameworksBuildPhase section */

/* Begin PBXGroup section */
		1AD406DA8D7B8A402520B73A /* Pods */ = {
			isa = PBXGroup;
			children = (
				E1B4326D42EF4A3294B1B692 /* Pods-MercadoLibreBuscador.debug.xcconfig */,
				A9A939FFE260397791E73A14 /* Pods-MercadoLibreBuscador.release.xcconfig */,
			);
			path = Pods;
			sourceTree = "<group>";
		};
		23754A0928CF6D530086B877 = {
			isa = PBXGroup;
			children = (
				23754A1428CF6D530086B877 /* MercadoLibreBuscador */,
				23754A1328CF6D530086B877 /* Products */,
				1AD406DA8D7B8A402520B73A /* Pods */,
				67AF9D7F9879A1B32878B414 /* Frameworks */,
			);
			sourceTree = "<group>";
		};
		23754A1328CF6D530086B877 /* Products */ = {
			isa = PBXGroup;
			children = (
				23754A1228CF6D530086B877 /* MercadoLibreBuscador.app */,
			);
			name = Products;
			sourceTree = "<group>";
		};
		23754A1428CF6D530086B877 /* MercadoLibreBuscador */ = {
			isa = PBXGroup;
			children = (
				238FC34A28DB9DCD004258BD /* CustomCell */,
				23BA5CC128DB566A00CD1B76 /* Networking */,
				237FF53928D0F40A00A3D94A /* Extensions */,
				237FF53828D0F1BE00A3D94A /* Common */,
				237FF53528D0D88600A3D94A /* TabBar */,
				237FF52E28D0CDEE00A3D94A /* Scenes */,
				23754A2328CF6D560086B877 /* Info.plist */,
			);
			path = MercadoLibreBuscador;
			sourceTree = "<group>";
		};
		237FF52E28D0CDEE00A3D94A /* Scenes */ = {
			isa = PBXGroup;
			children = (
				238FC34128DB7C45004258BD /* Product */,
				238FC33F28DB7C24004258BD /* Home */,
			);
			path = Scenes;
			sourceTree = "<group>";
		};
		237FF53528D0D88600A3D94A /* TabBar */ = {
			isa = PBXGroup;
			children = (
				237FF54228D0F8DC00A3D94A /* CustomTabBarController.swift */,
			);
			path = TabBar;
			sourceTree = "<group>";
		};
		237FF53828D0F1BE00A3D94A /* Common */ = {
			isa = PBXGroup;
			children = (
				23754A1E28CF6D560086B877 /* Assets.xcassets */,
				23754A1528CF6D530086B877 /* AppDelegate.swift */,
				23754A1728CF6D530086B877 /* SceneDelegate.swift */,
				23754A1928CF6D530086B877 /* ViewController.swift */,
			);
			path = Common;
			sourceTree = "<group>";
		};
		237FF53928D0F40A00A3D94A /* Extensions */ = {
			isa = PBXGroup;
			children = (
				237FF53C28D0F46900A3D94A /* CustomNavigationController.swift */,
				237FF54028D0F50C00A3D94A /* UIColorExtension.swift */,
			);
			path = Extensions;
			sourceTree = "<group>";
		};
		238FC33D28DB6511004258BD /* Respond */ = {
			isa = PBXGroup;
			children = (
				238FC33928DB5CB7004258BD /* Product.swift */,
				238FC33B28DB64E5004258BD /* Item.swift */,
			);
			path = Respond;
			sourceTree = "<group>";
		};
		238FC33E28DB6535004258BD /* Service */ = {
			isa = PBXGroup;
			children = (
				23BA5CC428DB587900CD1B76 /* ProductsService.swift */,
			);
			path = Service;
			sourceTree = "<group>";
		};
		238FC33F28DB7C24004258BD /* Home */ = {
			isa = PBXGroup;
			children = (
				237FF53128D0CE4E00A3D94A /* HomeViewController.swift */,
				237FF53228D0CE4E00A3D94A /* HomeViewController.xib */,
			);
			path = Home;
			sourceTree = "<group>";
		};
		238FC34128DB7C45004258BD /* Product */ = {
			isa = PBXGroup;
			children = (
				238FC34228DB7C58004258BD /* ProductViewModel.swift */,
				238FC34628DB8668004258BD /* ProductViewController.swift */,
				238FC34728DB8668004258BD /* ProductViewController.xib */,
			);
			path = Product;
			sourceTree = "<group>";
		};
		238FC34A28DB9DCD004258BD /* CustomCell */ = {
			isa = PBXGroup;
			children = (
				238FC34B28DB9DFB004258BD /* CustomCellTableViewCell.swift */,
				238FC34C28DB9DFB004258BD /* CustomCellTableViewCell.xib */,
			);
			path = CustomCell;
			sourceTree = "<group>";
		};
		23BA5CC128DB566A00CD1B76 /* Networking */ = {
			isa = PBXGroup;
			children = (
				238FC33E28DB6535004258BD /* Service */,
				238FC33D28DB6511004258BD /* Respond */,
			);
			path = Networking;
			sourceTree = "<group>";
		};
		67AF9D7F9879A1B32878B414 /* Frameworks */ = {
			isa = PBXGroup;
			children = (
				8F43CC6D29B008F51BD3DBB9 /* Pods_MercadoLibreBuscador.framework */,
			);
			name = Frameworks;
			sourceTree = "<group>";
		};
/* End PBXGroup section */

/* Begin PBXNativeTarget section */
		23754A1128CF6D530086B877 /* MercadoLibreBuscador */ = {
			isa = PBXNativeTarget;
			buildConfigurationList = 23754A2628CF6D560086B877 /* Build configuration list for PBXNativeTarget "MercadoLibreBuscador" */;
			buildPhases = (
				0275769F08147D0E61184039 /* [CP] Check Pods Manifest.lock */,
				23754A0E28CF6D530086B877 /* Sources */,
				23754A0F28CF6D530086B877 /* Frameworks */,
				23754A1028CF6D530086B877 /* Resources */,
				A2711A1D69A02D5F125513B3 /* [CP] Embed Pods Frameworks */,
			);
			buildRules = (
			);
			dependencies = (
			);
			name = MercadoLibreBuscador;
			productName = MercadoLibreBuscador;
			productReference = 23754A1228CF6D530086B877 /* MercadoLibreBuscador.app */;
			productType = "com.apple.product-type.application";
		};
/* End PBXNativeTarget section */

/* Begin PBXProject section */
		23754A0A28CF6D530086B877 /* Project object */ = {
			isa = PBXProject;
			attributes = {
				BuildIndependentTargetsInParallel = 1;
				LastSwiftUpdateCheck = 1340;
				LastUpgradeCheck = 1340;
				TargetAttributes = {
					23754A1128CF6D530086B877 = {
						CreatedOnToolsVersion = 13.4.1;
					};
				};
			};
			buildConfigurationList = 23754A0D28CF6D530086B877 /* Build configuration list for PBXProject "MercadoLibreBuscador" */;
			compatibilityVersion = "Xcode 13.0";
			developmentRegion = en;
			hasScannedForEncodings = 0;
			knownRegions = (
				en,
				Base,
			);
			mainGroup = 23754A0928CF6D530086B877;
			productRefGroup = 23754A1328CF6D530086B877 /* Products */;
			projectDirPath = "";
			projectRoot = "";
			targets = (
				23754A1128CF6D530086B877 /* MercadoLibreBuscador */,
			);
		};
/* End PBXProject section */

/* Begin PBXResourcesBuildPhase section */
		23754A1028CF6D530086B877 /* Resources */ = {
			isa = PBXResourcesBuildPhase;
			buildActionMask = 2147483647;
			files = (
				23754A1F28CF6D560086B877 /* Assets.xcassets in Resources */,
				238FC34928DB8668004258BD /* ProductViewController.xib in Resources */,
				238FC34E28DB9DFB004258BD /* CustomCellTableViewCell.xib in Resources */,
				237FF53428D0CE4E00A3D94A /* HomeViewController.xib in Resources */,
			);
			runOnlyForDeploymentPostprocessing = 0;
		};
/* End PBXResourcesBuildPhase section */

/* Begin PBXShellScriptBuildPhase section */
		0275769F08147D0E61184039 /* [CP] Check Pods Manifest.lock */ = {
			isa = PBXShellScriptBuildPhase;
			buildActionMask = 2147483647;
			files = (
			);
			inputFileListPaths = (
			);
			inputPaths = (
				"${PODS_PODFILE_DIR_PATH}/Podfile.lock",
				"${PODS_ROOT}/Manifest.lock",
			);
			name = "[CP] Check Pods Manifest.lock";
			outputFileListPaths = (
			);
			outputPaths = (
				"$(DERIVED_FILE_DIR)/Pods-MercadoLibreBuscador-checkManifestLockResult.txt",
			);
			runOnlyForDeploymentPostprocessing = 0;
			shellPath = /bin/sh;
			shellScript = "diff \"${PODS_PODFILE_DIR_PATH}/Podfile.lock\" \"${PODS_ROOT}/Manifest.lock\" > /dev/null\nif [ $? != 0 ] ; then\n    # print error to STDERR\n    echo \"error: The sandbox is not in sync with the Podfile.lock. Run 'pod install' or update your CocoaPods installation.\" >&2\n    exit 1\nfi\n# This output is used by Xcode 'outputs' to avoid re-running this script phase.\necho \"SUCCESS\" > \"${SCRIPT_OUTPUT_FILE_0}\"\n";
			showEnvVarsInLog = 0;
		};
		A2711A1D69A02D5F125513B3 /* [CP] Embed Pods Frameworks */ = {
			isa = PBXShellScriptBuildPhase;
			buildActionMask = 2147483647;
			files = (
			);
			inputFileListPaths = (
				"${PODS_ROOT}/Target Support Files/Pods-MercadoLibreBuscador/Pods-MercadoLibreBuscador-frameworks-${CONFIGURATION}-input-files.xcfilelist",
			);
			name = "[CP] Embed Pods Frameworks";
			outputFileListPaths = (
				"${PODS_ROOT}/Target Support Files/Pods-MercadoLibreBuscador/Pods-MercadoLibreBuscador-frameworks-${CONFIGURATION}-output-files.xcfilelist",
			);
			runOnlyForDeploymentPostprocessing = 0;
			shellPath = /bin/sh;
			shellScript = "\"${PODS_ROOT}/Target Support Files/Pods-MercadoLibreBuscador/Pods-MercadoLibreBuscador-frameworks.sh\"\n";
			showEnvVarsInLog = 0;
		};
/* End PBXShellScriptBuildPhase section */

/* Begin PBXSourcesBuildPhase section */
		23754A0E28CF6D530086B877 /* Sources */ = {
			isa = PBXSourcesBuildPhase;
			buildActionMask = 2147483647;
			files = (
				238FC33C28DB64E5004258BD /* Item.swift in Sources */,
				238FC33A28DB5CB7004258BD /* Product.swift in Sources */,
				23BA5CC528DB587900CD1B76 /* ProductsService.swift in Sources */,
				238FC34D28DB9DFB004258BD /* CustomCellTableViewCell.swift in Sources */,
				238FC34328DB7C58004258BD /* ProductViewModel.swift in Sources */,
				23754A1A28CF6D530086B877 /* ViewController.swift in Sources */,
				237FF54328D0F8DC00A3D94A /* CustomTabBarController.swift in Sources */,
				238FC34828DB8668004258BD /* ProductViewController.swift in Sources */,
				23754A1628CF6D530086B877 /* AppDelegate.swift in Sources */,
				237FF54128D0F50C00A3D94A /* UIColorExtension.swift in Sources */,
				23754A1828CF6D530086B877 /* SceneDelegate.swift in Sources */,
				237FF53328D0CE4E00A3D94A /* HomeViewController.swift in Sources */,
				237FF53D28D0F46900A3D94A /* CustomNavigationController.swift in Sources */,
			);
			runOnlyForDeploymentPostprocessing = 0;
		};
/* End PBXSourcesBuildPhase section */

/* Begin XCBuildConfiguration section */
		23754A2428CF6D560086B877 /* Debug */ = {
			isa = XCBuildConfiguration;
			buildSettings = {
				ALWAYS_SEARCH_USER_PATHS = NO;
				CLANG_ANALYZER_NONNULL = YES;
				CLANG_ANALYZER_NUMBER_OBJECT_CONVERSION = YES_AGGRESSIVE;
				CLANG_CXX_LANGUAGE_STANDARD = "gnu++17";
				CLANG_ENABLE_MODULES = YES;
				CLANG_ENABLE_OBJC_ARC = YES;
				CLANG_ENABLE_OBJC_WEAK = YES;
				CLANG_WARN_BLOCK_CAPTURE_AUTORELEASING = YES;
				CLANG_WARN_BOOL_CONVERSION = YES;
				CLANG_WARN_COMMA = YES;
				CLANG_WARN_CONSTANT_CONVERSION = YES;
				CLANG_WARN_DEPRECATED_OBJC_IMPLEMENTATIONS = YES;
				CLANG_WARN_DIRECT_OBJC_ISA_USAGE = YES_ERROR;
				CLANG_WARN_DOCUMENTATION_COMMENTS = YES;
				CLANG_WARN_EMPTY_BODY = YES;
				CLANG_WARN_ENUM_CONVERSION = YES;
				CLANG_WARN_INFINITE_RECURSION = YES;
				CLANG_WARN_INT_CONVERSION = YES;
				CLANG_WARN_NON_LITERAL_NULL_CONVERSION = YES;
				CLANG_WARN_OBJC_IMPLICIT_RETAIN_SELF = YES;
				CLANG_WARN_OBJC_LITERAL_CONVERSION = YES;
				CLANG_WARN_OBJC_ROOT_CLASS = YES_ERROR;
				CLANG_WARN_QUOTED_INCLUDE_IN_FRAMEWORK_HEADER = YES;
				CLANG_WARN_RANGE_LOOP_ANALYSIS = YES;
				CLANG_WARN_STRICT_PROTOTYPES = YES;
				CLANG_WARN_SUSPICIOUS_MOVE = YES;
				CLANG_WARN_UNGUARDED_AVAILABILITY = YES_AGGRESSIVE;
				CLANG_WARN_UNREACHABLE_CODE = YES;
				CLANG_WARN__DUPLICATE_METHOD_MATCH = YES;
				COPY_PHASE_STRIP = NO;
				DEBUG_INFORMATION_FORMAT = dwarf;
				ENABLE_STRICT_OBJC_MSGSEND = YES;
				ENABLE_TESTABILITY = YES;
				GCC_C_LANGUAGE_STANDARD = gnu11;
				GCC_DYNAMIC_NO_PIC = NO;
				GCC_NO_COMMON_BLOCKS = YES;
				GCC_OPTIMIZATION_LEVEL = 0;
				GCC_PREPROCESSOR_DEFINITIONS = (
					"DEBUG=1",
					"$(inherited)",
				);
				GCC_WARN_64_TO_32_BIT_CONVERSION = YES;
				GCC_WARN_ABOUT_RETURN_TYPE = YES_ERROR;
				GCC_WARN_UNDECLARED_SELECTOR = YES;
				GCC_WARN_UNINITIALIZED_AUTOS = YES_AGGRESSIVE;
				GCC_WARN_UNUSED_FUNCTION = YES;
				GCC_WARN_UNUSED_VARIABLE = YES;
				IPHONEOS_DEPLOYMENT_TARGET = 15.5;
				MTL_ENABLE_DEBUG_INFO = INCLUDE_SOURCE;
				MTL_FAST_MATH = YES;
				ONLY_ACTIVE_ARCH = YES;
				SDKROOT = iphoneos;
				SWIFT_ACTIVE_COMPILATION_CONDITIONS = DEBUG;
				SWIFT_OPTIMIZATION_LEVEL = "-Onone";
			};
			name = Debug;
		};
		23754A2528CF6D560086B877 /* Release */ = {
			isa = XCBuildConfiguration;
			buildSettings = {
				ALWAYS_SEARCH_USER_PATHS = NO;
				CLANG_ANALYZER_NONNULL = YES;
				CLANG_ANALYZER_NUMBER_OBJECT_CONVERSION = YES_AGGRESSIVE;
				CLANG_CXX_LANGUAGE_STANDARD = "gnu++17";
				CLANG_ENABLE_MODULES = YES;
				CLANG_ENABLE_OBJC_ARC = YES;
				CLANG_ENABLE_OBJC_WEAK = YES;
				CLANG_WARN_BLOCK_CAPTURE_AUTORELEASING = YES;
				CLANG_WARN_BOOL_CONVERSION = YES;
				CLANG_WARN_COMMA = YES;
				CLANG_WARN_CONSTANT_CONVERSION = YES;
				CLANG_WARN_DEPRECATED_OBJC_IMPLEMENTATIONS = YES;
				CLANG_WARN_DIRECT_OBJC_ISA_USAGE = YES_ERROR;
				CLANG_WARN_DOCUMENTATION_COMMENTS = YES;
				CLANG_WARN_EMPTY_BODY = YES;
				CLANG_WARN_ENUM_CONVERSION = YES;
				CLANG_WARN_INFINITE_RECURSION = YES;
				CLANG_WARN_INT_CONVERSION = YES;
				CLANG_WARN_NON_LITERAL_NULL_CONVERSION = YES;
				CLANG_WARN_OBJC_IMPLICIT_RETAIN_SELF = YES;
				CLANG_WARN_OBJC_LITERAL_CONVERSION = YES;
				CLANG_WARN_OBJC_ROOT_CLASS = YES_ERROR;
				CLANG_WARN_QUOTED_INCLUDE_IN_FRAMEWORK_HEADER = YES;
				CLANG_WARN_RANGE_LOOP_ANALYSIS = YES;
				CLANG_WARN_STRICT_PROTOTYPES = YES;
				CLANG_WARN_SUSPICIOUS_MOVE = YES;
				CLANG_WARN_UNGUARDED_AVAILABILITY = YES_AGGRESSIVE;
				CLANG_WARN_UNREACHABLE_CODE = YES;
				CLANG_WARN__DUPLICATE_METHOD_MATCH = YES;
				COPY_PHASE_STRIP = NO;
				DEBUG_INFORMATION_FORMAT = "dwarf-with-dsym";
				ENABLE_NS_ASSERTIONS = NO;
				ENABLE_STRICT_OBJC_MSGSEND = YES;
				GCC_C_LANGUAGE_STANDARD = gnu11;
				GCC_NO_COMMON_BLOCKS = YES;
				GCC_WARN_64_TO_32_BIT_CONVERSION = YES;
				GCC_WARN_ABOUT_RETURN_TYPE = YES_ERROR;
				GCC_WARN_UNDECLARED_SELECTOR = YES;
				GCC_WARN_UNINITIALIZED_AUTOS = YES_AGGRESSIVE;
				GCC_WARN_UNUSED_FUNCTION = YES;
				GCC_WARN_UNUSED_VARIABLE = YES;
				IPHONEOS_DEPLOYMENT_TARGET = 15.5;
				MTL_ENABLE_DEBUG_INFO = NO;
				MTL_FAST_MATH = YES;
				SDKROOT = iphoneos;
				SWIFT_COMPILATION_MODE = wholemodule;
				SWIFT_OPTIMIZATION_LEVEL = "-O";
				VALIDATE_PRODUCT = YES;
			};
			name = Release;
		};
		23754A2728CF6D560086B877 /* Debug */ = {
			isa = XCBuildConfiguration;
			baseConfigurationReference = E1B4326D42EF4A3294B1B692 /* Pods-MercadoLibreBuscador.debug.xcconfig */;
			buildSettings = {
				ASSETCATALOG_COMPILER_APPICON_NAME = AppIcon;
				ASSETCATALOG_COMPILER_GLOBAL_ACCENT_COLOR_NAME = AccentColor;
				CODE_SIGN_STYLE = Automatic;
				CURRENT_PROJECT_VERSION = 1;
				DEVELOPMENT_TEAM = GJDA5M2PPC;
				GENERATE_INFOPLIST_FILE = YES;
				INFOPLIST_FILE = MercadoLibreBuscador/Info.plist;
				INFOPLIST_KEY_NSMainNibFile = HomeViewController;
				INFOPLIST_KEY_UIApplicationSupportsIndirectInputEvents = YES;
				INFOPLIST_KEY_UILaunchStoryboardName = LaunchScreen;
				INFOPLIST_KEY_UISupportedInterfaceOrientations_iPad = "UIInterfaceOrientationPortrait UIInterfaceOrientationPortraitUpsideDown UIInterfaceOrientationLandscapeLeft UIInterfaceOrientationLandscapeRight";
				INFOPLIST_KEY_UISupportedInterfaceOrientations_iPhone = "UIInterfaceOrientationPortrait UIInterfaceOrientationLandscapeLeft UIInterfaceOrientationLandscapeRight";
				LD_RUNPATH_SEARCH_PATHS = (
					"$(inherited)",
					"@executable_path/Frameworks",
				);
				MARKETING_VERSION = 1.0;
				PRODUCT_BUNDLE_IDENTIFIER = Alkemy.MercadoLibreBuscador;
				PRODUCT_NAME = "$(TARGET_NAME)";
				SWIFT_EMIT_LOC_STRINGS = YES;
				SWIFT_VERSION = 5.0;
				TARGETED_DEVICE_FAMILY = "1,2";
			};
			name = Debug;
		};
		23754A2828CF6D560086B877 /* Release */ = {
			isa = XCBuildConfiguration;
			baseConfigurationReference = A9A939FFE260397791E73A14 /* Pods-MercadoLibreBuscador.release.xcconfig */;
			buildSettings = {
				ASSETCATALOG_COMPILER_APPICON_NAME = AppIcon;
				ASSETCATALOG_COMPILER_GLOBAL_ACCENT_COLOR_NAME = AccentColor;
				CODE_SIGN_STYLE = Automatic;
				CURRENT_PROJECT_VERSION = 1;
				DEVELOPMENT_TEAM = GJDA5M2PPC;
				GENERATE_INFOPLIST_FILE = YES;
				INFOPLIST_FILE = MercadoLibreBuscador/Info.plist;
				INFOPLIST_KEY_NSMainNibFile = HomeViewController;
				INFOPLIST_KEY_UIApplicationSupportsIndirectInputEvents = YES;
				INFOPLIST_KEY_UILaunchStoryboardName = LaunchScreen;
				INFOPLIST_KEY_UISupportedInterfaceOrientations_iPad = "UIInterfaceOrientationPortrait UIInterfaceOrientationPortraitUpsideDown UIInterfaceOrientationLandscapeLeft UIInterfaceOrientationLandscapeRight";
				INFOPLIST_KEY_UISupportedInterfaceOrientations_iPhone = "UIInterfaceOrientationPortrait UIInterfaceOrientationLandscapeLeft UIInterfaceOrientationLandscapeRight";
				LD_RUNPATH_SEARCH_PATHS = (
					"$(inherited)",
					"@executable_path/Frameworks",
				);
				MARKETING_VERSION = 1.0;
				PRODUCT_BUNDLE_IDENTIFIER = Alkemy.MercadoLibreBuscador;
				PRODUCT_NAME = "$(TARGET_NAME)";
				SWIFT_EMIT_LOC_STRINGS = YES;
				SWIFT_VERSION = 5.0;
				TARGETED_DEVICE_FAMILY = "1,2";
			};
			name = Release;
		};
/* End XCBuildConfiguration section */

/* Begin XCConfigurationList section */
		23754A0D28CF6D530086B877 /* Build configuration list for PBXProject "MercadoLibreBuscador" */ = {
			isa = XCConfigurationList;
			buildConfigurations = (
				23754A2428CF6D560086B877 /* Debug */,
				23754A2528CF6D560086B877 /* Release */,
			);
			defaultConfigurationIsVisible = 0;
			defaultConfigurationName = Release;
		};
		23754A2628CF6D560086B877 /* Build configuration list for PBXNativeTarget "MercadoLibreBuscador" */ = {
			isa = XCConfigurationList;
			buildConfigurations = (
				23754A2728CF6D560086B877 /* Debug */,
				23754A2828CF6D560086B877 /* Release */,
			);
			defaultConfigurationIsVisible = 0;
			defaultConfigurationName = Release;
		};
/* End XCConfigurationList section */
	};
	rootObject = 23754A0A28CF6D530086B877 /* Project object */;
}
